
Microsoft Visual Studio Solution File, Format Version 12.00
# Visual Studio Version 17
VisualStudioVersion = 17.5.33516.290
MinimumVisualStudioVersion = 10.0.40219.1
Project("{FAE04EC0-301F-11D3-BF4B-00C04F79EFBC}") = "newMVC", "newMVC\newMVC.csproj", "{8078FF5D-E318-4073-8550-CC010BBABE9E}"
EndProject
Global
	GlobalSection(SolutionConfigurationPlatforms) = preSolution
		Debug|Any CPU = Debug|Any CPU
		Release|Any CPU = Release|Any CPU
	EndGlobalSection
	GlobalSection(ProjectConfigurationPlatforms) = postSolution
		{8078FF5D-E318-4073-8550-CC010BBABE9E}.Debug|Any CPU.ActiveCfg = Debug|Any CPU
		{8078FF5D-E318-4073-8550-CC010BBABE9E}.Debug|Any CPU.Build.0 = Debug|Any CPU
		{8078FF5D-E318-4073-8550-CC010BBABE9E}.Release|Any CPU.ActiveCfg = Release|Any CPU
		{8078FF5D-E318-4073-8550-CC010BBABE9E}.Release|Any CPU.Build.0 = Release|Any CPU
	EndGlobalSection
	GlobalSection(SolutionProperties) = preSolution
		HideSolutionNode = FALSE
	EndGlobalSection
	GlobalSection(ExtensibilityGlobals) = postSolution
		SolutionGuid = {D0C2F344-05BA-4F17-90D1-6140910C428F}
	EndGlobalSection
EndGlobal
